# THIS IS AN AUTOGENERATED FILE. DO NOT EDIT THIS FILE DIRECTLY.
# yarn lockfile v1


commander@*:
  version "7.0.0"
  resolved "https://registry.yarnpkg.com/commander/-/commander-7.0.0.tgz#3e2bbfd8bb6724760980988fb5b22b7ee6b71ab2"
  integrity sha512-ovx/7NkTrnPuIV8sqk/GjUIIM1+iUQeqA3ye2VNpq9sVoiZsooObWlQy+OPWGI17GDaEoybuAGJm6U8yC077BA==

mockjs@^1.1.0:
  version "1.1.0"
  resolved "https://registry.yarnpkg.com/mockjs/-/mockjs-1.1.0.tgz#e6a0c378e91906dbaff20911cc0273b3c7d75b06"
  integrity sha512-eQsKcWzIaZzEZ07NuEyO4Nw65g0hdWAyurVol1IPl1gahRwY+svqzfgfey8U8dahLwG44d6/RwEzuK52rSa/JQ==
  dependencies:
    commander "*"
